// !$*UTF8*$!
{
	archiveVersion = 1;
	classes = {
	};
	objectVersion = 56;
	objects = {

/* Begin PBXBuildFile section */
		ACA3F8E420BD48B62A5EACCD /* Pods_Albumize.framework in Frameworks */ = {isa = PBXBuildFile; fileRef = 173B7F39BF92239C3CB3E620 /* Pods_Albumize.framework */; };
		B706214F2A45D512007D7845 /* AlbumDetailView.swift in Sources */ = {isa = PBXBuildFile; fileRef = B706214E2A45D512007D7845 /* AlbumDetailView.swift */; };
		B727CBAA2A653014007F2D4B /* AddAlbumView.swift in Sources */ = {isa = PBXBuildFile; fileRef = B727CBA92A653014007F2D4B /* AddAlbumView.swift */; };
		B735FC0D2A763D9200D78ADC /* GoogleService-Info.plist in Resources */ = {isa = PBXBuildFile; fileRef = B735FC0C2A763D9200D78ADC /* GoogleService-Info.plist */; };
		B73890142A91AD5E00E1595F /* UserModel.swift in Sources */ = {isa = PBXBuildFile; fileRef = B73890132A91AD5E00E1595F /* UserModel.swift */; };
		B73890162A922CCC00E1595F /* UserViewModel.swift in Sources */ = {isa = PBXBuildFile; fileRef = B73890152A922CCC00E1595F /* UserViewModel.swift */; };
		B73890182A92303D00E1595F /* StorageManager.swift in Sources */ = {isa = PBXBuildFile; fileRef = B73890172A92303D00E1595F /* StorageManager.swift */; };
		B738901A2A923CF000E1595F /* FirestoreManager.swift in Sources */ = {isa = PBXBuildFile; fileRef = B73890192A923CF000E1595F /* FirestoreManager.swift */; };
		B73E79B02A485B77007C5C11 /* PhotoView.swift in Sources */ = {isa = PBXBuildFile; fileRef = B73E79AF2A485B77007C5C11 /* PhotoView.swift */; };
		B752D62B2A7D4630009646F7 /* StartUpView.swift in Sources */ = {isa = PBXBuildFile; fileRef = B752D62A2A7D4630009646F7 /* StartUpView.swift */; };
		B753F1C92A56E54600D3027D /* AlbumModel.swift in Sources */ = {isa = PBXBuildFile; fileRef = B753F1C82A56E54600D3027D /* AlbumModel.swift */; };
		B753F1CB2A56E65D00D3027D /* AlbumViewModel.swift in Sources */ = {isa = PBXBuildFile; fileRef = B753F1CA2A56E65D00D3027D /* AlbumViewModel.swift */; };
		B7655C352A792A6800A170F2 /* LoginAuthView.swift in Sources */ = {isa = PBXBuildFile; fileRef = B7655C342A792A6800A170F2 /* LoginAuthView.swift */; };
		B765B80D2A40988A00036CFD /* AlbumizeApp.swift in Sources */ = {isa = PBXBuildFile; fileRef = B765B80C2A40988A00036CFD /* AlbumizeApp.swift */; };
		B765B80F2A40988A00036CFD /* ContentView.swift in Sources */ = {isa = PBXBuildFile; fileRef = B765B80E2A40988A00036CFD /* ContentView.swift */; };
		B765B8112A40988B00036CFD /* Assets.xcassets in Resources */ = {isa = PBXBuildFile; fileRef = B765B8102A40988B00036CFD /* Assets.xcassets */; };
		B765B8142A40988B00036CFD /* Preview Assets.xcassets in Resources */ = {isa = PBXBuildFile; fileRef = B765B8132A40988B00036CFD /* Preview Assets.xcassets */; };
		B77DBEB42A7A7E2500DCC3CA /* AuthManager.swift in Sources */ = {isa = PBXBuildFile; fileRef = B77DBEB32A7A7E2500DCC3CA /* AuthManager.swift */; };
		B7814C702A5112FC0072251E /* PhotoModel.swift in Sources */ = {isa = PBXBuildFile; fileRef = B7814C6F2A5112FC0072251E /* PhotoModel.swift */; };
		B7A9C0392A5A928200CB5753 /* PhotoPickerView.swift in Sources */ = {isa = PBXBuildFile; fileRef = B7A9C0382A5A928200CB5753 /* PhotoPickerView.swift */; };
		B7AC0E2D2A48248D00FCE7E5 /* PhotoViewModel.swift in Sources */ = {isa = PBXBuildFile; fileRef = B7AC0E2C2A48248D00FCE7E5 /* PhotoViewModel.swift */; };
		B7AE17B72A5AD939008739F5 /* PhotoAssetModel.swift in Sources */ = {isa = PBXBuildFile; fileRef = B7AE17B62A5AD939008739F5 /* PhotoAssetModel.swift */; };
		B7B089F72A41914500D8280B /* HomeView.swift in Sources */ = {isa = PBXBuildFile; fileRef = B7B089F62A41914500D8280B /* HomeView.swift */; };
		B7B089F92A41916100D8280B /* AlbumView.swift in Sources */ = {isa = PBXBuildFile; fileRef = B7B089F82A41916100D8280B /* AlbumView.swift */; };
		B7B089FB2A41916F00D8280B /* PlanView.swift in Sources */ = {isa = PBXBuildFile; fileRef = B7B089FA2A41916F00D8280B /* PlanView.swift */; };
		B7B089FD2A41917900D8280B /* ProfileView.swift in Sources */ = {isa = PBXBuildFile; fileRef = B7B089FC2A41917900D8280B /* ProfileView.swift */; };
		B7B08A012A41928900D8280B /* Tab.swift in Sources */ = {isa = PBXBuildFile; fileRef = B7B08A002A41928900D8280B /* Tab.swift */; };
		B7B08A032A4195AA00D8280B /* MainView.swift in Sources */ = {isa = PBXBuildFile; fileRef = B7B08A022A4195AA00D8280B /* MainView.swift */; };
		B7DC364D2A76953600BCD45E /* EntryAuthView.swift in Sources */ = {isa = PBXBuildFile; fileRef = B7DC364C2A76953600BCD45E /* EntryAuthView.swift */; };
		B7FA25362A5A850500B488CC /* PhotoPickerViewModel.swift in Sources */ = {isa = PBXBuildFile; fileRef = B7FA25352A5A850500B488CC /* PhotoPickerViewModel.swift */; };
/* End PBXBuildFile section */

/* Begin PBXFileReference section */
		0AE4D2C9707B6BEF3AC9014F /* Pods-Albumize.release.xcconfig */ = {isa = PBXFileReference; includeInIndex = 1; lastKnownFileType = text.xcconfig; name = "Pods-Albumize.release.xcconfig"; path = "Target Support Files/Pods-Albumize/Pods-Albumize.release.xcconfig"; sourceTree = "<group>"; };
		173B7F39BF92239C3CB3E620 /* Pods_Albumize.framework */ = {isa = PBXFileReference; explicitFileType = wrapper.framework; includeInIndex = 0; path = Pods_Albumize.framework; sourceTree = BUILT_PRODUCTS_DIR; };
		47FA22BEAA134CF652C6A19E /* Pods-Albumize.debug.xcconfig */ = {isa = PBXFileReference; includeInIndex = 1; lastKnownFileType = text.xcconfig; name = "Pods-Albumize.debug.xcconfig"; path = "Target Support Files/Pods-Albumize/Pods-Albumize.debug.xcconfig"; sourceTree = "<group>"; };
		B706214E2A45D512007D7845 /* AlbumDetailView.swift */ = {isa = PBXFileReference; lastKnownFileType = sourcecode.swift; path = AlbumDetailView.swift; sourceTree = "<group>"; };
		B727CBA92A653014007F2D4B /* AddAlbumView.swift */ = {isa = PBXFileReference; lastKnownFileType = sourcecode.swift; path = AddAlbumView.swift; sourceTree = "<group>"; };
		B735FC0C2A763D9200D78ADC /* GoogleService-Info.plist */ = {isa = PBXFileReference; fileEncoding = 4; lastKnownFileType = text.plist.xml; path = "GoogleService-Info.plist"; sourceTree = "<group>"; };
		B73890132A91AD5E00E1595F /* UserModel.swift */ = {isa = PBXFileReference; lastKnownFileType = sourcecode.swift; path = UserModel.swift; sourceTree = "<group>"; };
		B73890152A922CCC00E1595F /* UserViewModel.swift */ = {isa = PBXFileReference; lastKnownFileType = sourcecode.swift; path = UserViewModel.swift; sourceTree = "<group>"; };
		B73890172A92303D00E1595F /* StorageManager.swift */ = {isa = PBXFileReference; lastKnownFileType = sourcecode.swift; path = StorageManager.swift; sourceTree = "<group>"; };
		B73890192A923CF000E1595F /* FirestoreManager.swift */ = {isa = PBXFileReference; lastKnownFileType = sourcecode.swift; path = FirestoreManager.swift; sourceTree = "<group>"; };
		B73E79AF2A485B77007C5C11 /* PhotoView.swift */ = {isa = PBXFileReference; lastKnownFileType = sourcecode.swift; path = PhotoView.swift; sourceTree = "<group>"; };
		B752D62A2A7D4630009646F7 /* StartUpView.swift */ = {isa = PBXFileReference; lastKnownFileType = sourcecode.swift; path = StartUpView.swift; sourceTree = "<group>"; };
		B753F1C82A56E54600D3027D /* AlbumModel.swift */ = {isa = PBXFileReference; lastKnownFileType = sourcecode.swift; path = AlbumModel.swift; sourceTree = "<group>"; };
		B753F1CA2A56E65D00D3027D /* AlbumViewModel.swift */ = {isa = PBXFileReference; lastKnownFileType = sourcecode.swift; path = AlbumViewModel.swift; sourceTree = "<group>"; };
		B7655C342A792A6800A170F2 /* LoginAuthView.swift */ = {isa = PBXFileReference; lastKnownFileType = sourcecode.swift; path = LoginAuthView.swift; sourceTree = "<group>"; };
		B765B8092A40988A00036CFD /* Albumize.app */ = {isa = PBXFileReference; explicitFileType = wrapper.application; includeInIndex = 0; path = Albumize.app; sourceTree = BUILT_PRODUCTS_DIR; };
		B765B80C2A40988A00036CFD /* AlbumizeApp.swift */ = {isa = PBXFileReference; lastKnownFileType = sourcecode.swift; path = AlbumizeApp.swift; sourceTree = "<group>"; };
		B765B80E2A40988A00036CFD /* ContentView.swift */ = {isa = PBXFileReference; lastKnownFileType = sourcecode.swift; path = ContentView.swift; sourceTree = "<group>"; };
		B765B8102A40988B00036CFD /* Assets.xcassets */ = {isa = PBXFileReference; lastKnownFileType = folder.assetcatalog; path = Assets.xcassets; sourceTree = "<group>"; };
		B765B8132A40988B00036CFD /* Preview Assets.xcassets */ = {isa = PBXFileReference; lastKnownFileType = folder.assetcatalog; path = "Preview Assets.xcassets"; sourceTree = "<group>"; };
		B77DBEB32A7A7E2500DCC3CA /* AuthManager.swift */ = {isa = PBXFileReference; lastKnownFileType = sourcecode.swift; path = AuthManager.swift; sourceTree = "<group>"; };
		B7814C6F2A5112FC0072251E /* PhotoModel.swift */ = {isa = PBXFileReference; lastKnownFileType = sourcecode.swift; path = PhotoModel.swift; sourceTree = "<group>"; };
		B7A6C26E2A5AF2EF00B7C111 /* Info.plist */ = {isa = PBXFileReference; lastKnownFileType = text.plist; path = Info.plist; sourceTree = "<group>"; };
		B7A9C0382A5A928200CB5753 /* PhotoPickerView.swift */ = {isa = PBXFileReference; lastKnownFileType = sourcecode.swift; path = PhotoPickerView.swift; sourceTree = "<group>"; };
		B7AC0E2C2A48248D00FCE7E5 /* PhotoViewModel.swift */ = {isa = PBXFileReference; lastKnownFileType = sourcecode.swift; path = PhotoViewModel.swift; sourceTree = "<group>"; };
		B7AE17B62A5AD939008739F5 /* PhotoAssetModel.swift */ = {isa = PBXFileReference; lastKnownFileType = sourcecode.swift; path = PhotoAssetModel.swift; sourceTree = "<group>"; };
		B7B089F62A41914500D8280B /* HomeView.swift */ = {isa = PBXFileReference; lastKnownFileType = sourcecode.swift; path = HomeView.swift; sourceTree = "<group>"; };
		B7B089F82A41916100D8280B /* AlbumView.swift */ = {isa = PBXFileReference; lastKnownFileType = sourcecode.swift; path = AlbumView.swift; sourceTree = "<group>"; };
		B7B089FA2A41916F00D8280B /* PlanView.swift */ = {isa = PBXFileReference; lastKnownFileType = sourcecode.swift; path = PlanView.swift; sourceTree = "<group>"; };
		B7B089FC2A41917900D8280B /* ProfileView.swift */ = {isa = PBXFileReference; lastKnownFileType = sourcecode.swift; path = ProfileView.swift; sourceTree = "<group>"; };
		B7B08A002A41928900D8280B /* Tab.swift */ = {isa = PBXFileReference; lastKnownFileType = sourcecode.swift; path = Tab.swift; sourceTree = "<group>"; };
		B7B08A022A4195AA00D8280B /* MainView.swift */ = {isa = PBXFileReference; lastKnownFileType = sourcecode.swift; path = MainView.swift; sourceTree = "<group>"; };
		B7DC364C2A76953600BCD45E /* EntryAuthView.swift */ = {isa = PBXFileReference; lastKnownFileType = sourcecode.swift; path = EntryAuthView.swift; sourceTree = "<group>"; };
		B7FA25352A5A850500B488CC /* PhotoPickerViewModel.swift */ = {isa = PBXFileReference; lastKnownFileType = sourcecode.swift; path = PhotoPickerViewModel.swift; sourceTree = "<group>"; };
/* End PBXFileReference section */

/* Begin PBXFrameworksBuildPhase section */
		B765B8062A40988A00036CFD /* Frameworks */ = {
			isa = PBXFrameworksBuildPhase;
			buildActionMask = 2147483647;
			files = (
				ACA3F8E420BD48B62A5EACCD /* Pods_Albumize.framework in Frameworks */,
			);
			runOnlyForDeploymentPostprocessing = 0;
		};
/* End PBXFrameworksBuildPhase section */

/* Begin PBXGroup section */
		12E2E93930E05FD549D91764 /* Pods */ = {
			isa = PBXGroup;
			children = (
				47FA22BEAA134CF652C6A19E /* Pods-Albumize.debug.xcconfig */,
				0AE4D2C9707B6BEF3AC9014F /* Pods-Albumize.release.xcconfig */,
			);
			path = Pods;
			sourceTree = "<group>";
		};
		7A41711AEC3CFE5CBDCC89B6 /* Frameworks */ = {
			isa = PBXGroup;
			children = (
				173B7F39BF92239C3CB3E620 /* Pods_Albumize.framework */,
			);
			name = Frameworks;
			sourceTree = "<group>";
		};
		B761BCD12A77D70C00ECDDCB /* Login */ = {
			isa = PBXGroup;
			children = (
				B752D62A2A7D4630009646F7 /* StartUpView.swift */,
				B7655C342A792A6800A170F2 /* LoginAuthView.swift */,
				B7DC364C2A76953600BCD45E /* EntryAuthView.swift */,
			);
			path = Login;
			sourceTree = "<group>";
		};
		B765B8002A40988A00036CFD = {
			isa = PBXGroup;
			children = (
				B765B80B2A40988A00036CFD /* Albumize */,
				B765B80A2A40988A00036CFD /* Products */,
				12E2E93930E05FD549D91764 /* Pods */,
				7A41711AEC3CFE5CBDCC89B6 /* Frameworks */,
			);
			sourceTree = "<group>";
		};
		B765B80A2A40988A00036CFD /* Products */ = {
			isa = PBXGroup;
			children = (
				B765B8092A40988A00036CFD /* Albumize.app */,
			);
			name = Products;
			sourceTree = "<group>";
		};
		B765B80B2A40988A00036CFD /* Albumize */ = {
			isa = PBXGroup;
			children = (
				B7A6C26E2A5AF2EF00B7C111 /* Info.plist */,
				B765B80C2A40988A00036CFD /* AlbumizeApp.swift */,
				B765B80E2A40988A00036CFD /* ContentView.swift */,
				B7B08A022A4195AA00D8280B /* MainView.swift */,
				B7B089FF2A41927E00D8280B /* Model */,
				B7814C6E2A5112C10072251E /* ViewModel */,
				B761BCD12A77D70C00ECDDCB /* Login */,
				B7B089FE2A41918D00D8280B /* MainView */,
				B7A9C03A2A5A95F200CB5753 /* AddAlbumView */,
				B765B8102A40988B00036CFD /* Assets.xcassets */,
				B735FC0C2A763D9200D78ADC /* GoogleService-Info.plist */,
				B765B8122A40988B00036CFD /* Preview Content */,
			);
			path = Albumize;
			sourceTree = "<group>";
		};
		B765B8122A40988B00036CFD /* Preview Content */ = {
			isa = PBXGroup;
			children = (
				B765B8132A40988B00036CFD /* Preview Assets.xcassets */,
			);
			path = "Preview Content";
			sourceTree = "<group>";
		};
		B7814C6E2A5112C10072251E /* ViewModel */ = {
			isa = PBXGroup;
			children = (
				B73890152A922CCC00E1595F /* UserViewModel.swift */,
				B7AC0E2C2A48248D00FCE7E5 /* PhotoViewModel.swift */,
				B753F1CA2A56E65D00D3027D /* AlbumViewModel.swift */,
				B7FA25352A5A850500B488CC /* PhotoPickerViewModel.swift */,
			);
			path = ViewModel;
			sourceTree = "<group>";
		};
		B7A9C03A2A5A95F200CB5753 /* AddAlbumView */ = {
			isa = PBXGroup;
			children = (
				B7A9C0382A5A928200CB5753 /* PhotoPickerView.swift */,
				B727CBA92A653014007F2D4B /* AddAlbumView.swift */,
			);
			path = AddAlbumView;
			sourceTree = "<group>";
		};
		B7B089FE2A41918D00D8280B /* MainView */ = {
			isa = PBXGroup;
			children = (
				B7B089F62A41914500D8280B /* HomeView.swift */,
				B7B089F82A41916100D8280B /* AlbumView.swift */,
				B706214E2A45D512007D7845 /* AlbumDetailView.swift */,
				B73E79AF2A485B77007C5C11 /* PhotoView.swift */,
				B7B089FA2A41916F00D8280B /* PlanView.swift */,
				B7B089FC2A41917900D8280B /* ProfileView.swift */,
			);
			path = MainView;
			sourceTree = "<group>";
		};
		B7B089FF2A41927E00D8280B /* Model */ = {
			isa = PBXGroup;
			children = (
				B7B08A002A41928900D8280B /* Tab.swift */,
				B73890132A91AD5E00E1595F /* UserModel.swift */,
				B7814C6F2A5112FC0072251E /* PhotoModel.swift */,
				B753F1C82A56E54600D3027D /* AlbumModel.swift */,
				B7AE17B62A5AD939008739F5 /* PhotoAssetModel.swift */,
				B77DBEB32A7A7E2500DCC3CA /* AuthManager.swift */,
				B73890172A92303D00E1595F /* StorageManager.swift */,
				B73890192A923CF000E1595F /* FirestoreManager.swift */,
			);
			path = Model;
			sourceTree = "<group>";
		};
/* End PBXGroup section */

/* Begin PBXNativeTarget section */
		B765B8082A40988A00036CFD /* Albumize */ = {
			isa = PBXNativeTarget;
			buildConfigurationList = B765B8172A40988B00036CFD /* Build configuration list for PBXNativeTarget "Albumize" */;
			buildPhases = (
				9D2115D8B51F5B63D40875F7 /* [CP] Check Pods Manifest.lock */,
				B765B8052A40988A00036CFD /* Sources */,
				B765B8062A40988A00036CFD /* Frameworks */,
				B765B8072A40988A00036CFD /* Resources */,
				37E5B69E3845DB8EACFE2355 /* [CP] Embed Pods Frameworks */,
			);
			buildRules = (
			);
			dependencies = (
			);
			name = Albumize;
			productName = Albumize;
			productReference = B765B8092A40988A00036CFD /* Albumize.app */;
			productType = "com.apple.product-type.application";
		};
/* End PBXNativeTarget section */

/* Begin PBXProject section */
		B765B8012A40988A00036CFD /* Project object */ = {
			isa = PBXProject;
			attributes = {
				BuildIndependentTargetsInParallel = 1;
				LastSwiftUpdateCheck = 1430;
				LastUpgradeCheck = 1430;
				TargetAttributes = {
					B765B8082A40988A00036CFD = {
						CreatedOnToolsVersion = 14.3;
					};
				};
			};
			buildConfigurationList = B765B8042A40988A00036CFD /* Build configuration list for PBXProject "Albumize" */;
			compatibilityVersion = "Xcode 14.0";
			developmentRegion = en;
			hasScannedForEncodings = 0;
			knownRegions = (
				en,
				Base,
			);
			mainGroup = B765B8002A40988A00036CFD;
			productRefGroup = B765B80A2A40988A00036CFD /* Products */;
			projectDirPath = "";
			projectRoot = "";
			targets = (
				B765B8082A40988A00036CFD /* Albumize */,
			);
		};
/* End PBXProject section */

/* Begin PBXResourcesBuildPhase section */
		B765B8072A40988A00036CFD /* Resources */ = {
			isa = PBXResourcesBuildPhase;
			buildActionMask = 2147483647;
			files = (
				B765B8142A40988B00036CFD /* Preview Assets.xcassets in Resources */,
				B765B8112A40988B00036CFD /* Assets.xcassets in Resources */,
				B735FC0D2A763D9200D78ADC /* GoogleService-Info.plist in Resources */,
			);
			runOnlyForDeploymentPostprocessing = 0;
		};
/* End PBXResourcesBuildPhase section */

/* Begin PBXShellScriptBuildPhase section */
		37E5B69E3845DB8EACFE2355 /* [CP] Embed Pods Frameworks */ = {
			isa = PBXShellScriptBuildPhase;
			alwaysOutOfDate = 1;
			buildActionMask = 2147483647;
			files = (
			);
			inputFileListPaths = (
				"${PODS_ROOT}/Target Support Files/Pods-Albumize/Pods-Albumize-frameworks-${CONFIGURATION}-input-files.xcfilelist",
			);
			name = "[CP] Embed Pods Frameworks";
			outputFileListPaths = (
				"${PODS_ROOT}/Target Support Files/Pods-Albumize/Pods-Albumize-frameworks-${CONFIGURATION}-output-files.xcfilelist",
			);
			runOnlyForDeploymentPostprocessing = 0;
			shellPath = /bin/sh;
			shellScript = "\"${PODS_ROOT}/Target Support Files/Pods-Albumize/Pods-Albumize-frameworks.sh\"\n";
			showEnvVarsInLog = 0;
		};
		9D2115D8B51F5B63D40875F7 /* [CP] Check Pods Manifest.lock */ = {
			isa = PBXShellScriptBuildPhase;
			buildActionMask = 2147483647;
			files = (
			);
			inputFileListPaths = (
			);
			inputPaths = (
				"${PODS_PODFILE_DIR_PATH}/Podfile.lock",
				"${PODS_ROOT}/Manifest.lock",
			);
			name = "[CP] Check Pods Manifest.lock";
			outputFileListPaths = (
			);
			outputPaths = (
				"$(DERIVED_FILE_DIR)/Pods-Albumize-checkManifestLockResult.txt",
			);
			runOnlyForDeploymentPostprocessing = 0;
			shellPath = /bin/sh;
			shellScript = "diff \"${PODS_PODFILE_DIR_PATH}/Podfile.lock\" \"${PODS_ROOT}/Manifest.lock\" > /dev/null\nif [ $? != 0 ] ; then\n    # print error to STDERR\n    echo \"error: The sandbox is not in sync with the Podfile.lock. Run 'pod install' or update your CocoaPods installation.\" >&2\n    exit 1\nfi\n# This output is used by Xcode 'outputs' to avoid re-running this script phase.\necho \"SUCCESS\" > \"${SCRIPT_OUTPUT_FILE_0}\"\n";
			showEnvVarsInLog = 0;
		};
/* End PBXShellScriptBuildPhase section */

/* Begin PBXSourcesBuildPhase section */
		B765B8052A40988A00036CFD /* Sources */ = {
			isa = PBXSourcesBuildPhase;
			buildActionMask = 2147483647;
			files = (
				B7814C702A5112FC0072251E /* PhotoModel.swift in Sources */,
				B73890162A922CCC00E1595F /* UserViewModel.swift in Sources */,
				B73890182A92303D00E1595F /* StorageManager.swift in Sources */,
				B7AC0E2D2A48248D00FCE7E5 /* PhotoViewModel.swift in Sources */,
				B7B089F92A41916100D8280B /* AlbumView.swift in Sources */,
				B7655C352A792A6800A170F2 /* LoginAuthView.swift in Sources */,
				B73E79B02A485B77007C5C11 /* PhotoView.swift in Sources */,
				B765B80F2A40988A00036CFD /* ContentView.swift in Sources */,
				B7FA25362A5A850500B488CC /* PhotoPickerViewModel.swift in Sources */,
				B753F1CB2A56E65D00D3027D /* AlbumViewModel.swift in Sources */,
				B73890142A91AD5E00E1595F /* UserModel.swift in Sources */,
				B706214F2A45D512007D7845 /* AlbumDetailView.swift in Sources */,
				B753F1C92A56E54600D3027D /* AlbumModel.swift in Sources */,
				B738901A2A923CF000E1595F /* FirestoreManager.swift in Sources */,
				B7DC364D2A76953600BCD45E /* EntryAuthView.swift in Sources */,
				B7B08A032A4195AA00D8280B /* MainView.swift in Sources */,
				B7AE17B72A5AD939008739F5 /* PhotoAssetModel.swift in Sources */,
				B7B089FD2A41917900D8280B /* ProfileView.swift in Sources */,
				B752D62B2A7D4630009646F7 /* StartUpView.swift in Sources */,
				B7A9C0392A5A928200CB5753 /* PhotoPickerView.swift in Sources */,
				B765B80D2A40988A00036CFD /* AlbumizeApp.swift in Sources */,
				B727CBAA2A653014007F2D4B /* AddAlbumView.swift in Sources */,
				B7B089F72A41914500D8280B /* HomeView.swift in Sources */,
				B77DBEB42A7A7E2500DCC3CA /* AuthManager.swift in Sources */,
				B7B08A012A41928900D8280B /* Tab.swift in Sources */,
				B7B089FB2A41916F00D8280B /* PlanView.swift in Sources */,
			);
			runOnlyForDeploymentPostprocessing = 0;
		};
/* End PBXSourcesBuildPhase section */

/* Begin XCBuildConfiguration section */
		B765B8152A40988B00036CFD /* Debug */ = {
			isa = XCBuildConfiguration;
			buildSettings = {
				ALWAYS_SEARCH_USER_PATHS = NO;
				CLANG_ANALYZER_NONNULL = YES;
				CLANG_ANALYZER_NUMBER_OBJECT_CONVERSION = YES_AGGRESSIVE;
				CLANG_CXX_LANGUAGE_STANDARD = "gnu++20";
				CLANG_ENABLE_MODULES = YES;
				CLANG_ENABLE_OBJC_ARC = YES;
				CLANG_ENABLE_OBJC_WEAK = YES;
				CLANG_WARN_BLOCK_CAPTURE_AUTORELEASING = YES;
				CLANG_WARN_BOOL_CONVERSION = YES;
				CLANG_WARN_COMMA = YES;
				CLANG_WARN_CONSTANT_CONVERSION = YES;
				CLANG_WARN_DEPRECATED_OBJC_IMPLEMENTATIONS = YES;
				CLANG_WARN_DIRECT_OBJC_ISA_USAGE = YES_ERROR;
				CLANG_WARN_DOCUMENTATION_COMMENTS = YES;
				CLANG_WARN_EMPTY_BODY = YES;
				CLANG_WARN_ENUM_CONVERSION = YES;
				CLANG_WARN_INFINITE_RECURSION = YES;
				CLANG_WARN_INT_CONVERSION = YES;
				CLANG_WARN_NON_LITERAL_NULL_CONVERSION = YES;
				CLANG_WARN_OBJC_IMPLICIT_RETAIN_SELF = YES;
				CLANG_WARN_OBJC_LITERAL_CONVERSION = YES;
				CLANG_WARN_OBJC_ROOT_CLASS = YES_ERROR;
				CLANG_WARN_QUOTED_INCLUDE_IN_FRAMEWORK_HEADER = NO;
				CLANG_WARN_RANGE_LOOP_ANALYSIS = YES;
				CLANG_WARN_STRICT_PROTOTYPES = YES;
				CLANG_WARN_SUSPICIOUS_MOVE = YES;
				CLANG_WARN_UNGUARDED_AVAILABILITY = YES_AGGRESSIVE;
				CLANG_WARN_UNREACHABLE_CODE = YES;
				CLANG_WARN__DUPLICATE_METHOD_MATCH = YES;
				COPY_PHASE_STRIP = NO;
				DEBUG_INFORMATION_FORMAT = dwarf;
				ENABLE_STRICT_OBJC_MSGSEND = YES;
				ENABLE_TESTABILITY = YES;
				GCC_C_LANGUAGE_STANDARD = gnu11;
				GCC_DYNAMIC_NO_PIC = NO;
				GCC_NO_COMMON_BLOCKS = YES;
				GCC_OPTIMIZATION_LEVEL = 0;
				GCC_PREPROCESSOR_DEFINITIONS = (
					"DEBUG=1",
					"$(inherited)",
				);
				GCC_WARN_64_TO_32_BIT_CONVERSION = YES;
				GCC_WARN_ABOUT_RETURN_TYPE = YES_ERROR;
				GCC_WARN_UNDECLARED_SELECTOR = YES;
				GCC_WARN_UNINITIALIZED_AUTOS = YES_AGGRESSIVE;
				GCC_WARN_UNUSED_FUNCTION = YES;
				GCC_WARN_UNUSED_VARIABLE = YES;
				IPHONEOS_DEPLOYMENT_TARGET = 16.4;
				MTL_ENABLE_DEBUG_INFO = INCLUDE_SOURCE;
				MTL_FAST_MATH = YES;
				ONLY_ACTIVE_ARCH = YES;
				SDKROOT = iphoneos;
				SWIFT_ACTIVE_COMPILATION_CONDITIONS = DEBUG;
				SWIFT_OPTIMIZATION_LEVEL = "-Onone";
			};
			name = Debug;
		};
		B765B8162A40988B00036CFD /* Release */ = {
			isa = XCBuildConfiguration;
			buildSettings = {
				ALWAYS_SEARCH_USER_PATHS = NO;
				CLANG_ANALYZER_NONNULL = YES;
				CLANG_ANALYZER_NUMBER_OBJECT_CONVERSION = YES_AGGRESSIVE;
				CLANG_CXX_LANGUAGE_STANDARD = "gnu++20";
				CLANG_ENABLE_MODULES = YES;
				CLANG_ENABLE_OBJC_ARC = YES;
				CLANG_ENABLE_OBJC_WEAK = YES;
				CLANG_WARN_BLOCK_CAPTURE_AUTORELEASING = YES;
				CLANG_WARN_BOOL_CONVERSION = YES;
				CLANG_WARN_COMMA = YES;
				CLANG_WARN_CONSTANT_CONVERSION = YES;
				CLANG_WARN_DEPRECATED_OBJC_IMPLEMENTATIONS = YES;
				CLANG_WARN_DIRECT_OBJC_ISA_USAGE = YES_ERROR;
				CLANG_WARN_DOCUMENTATION_COMMENTS = YES;
				CLANG_WARN_EMPTY_BODY = YES;
				CLANG_WARN_ENUM_CONVERSION = YES;
				CLANG_WARN_INFINITE_RECURSION = YES;
				CLANG_WARN_INT_CONVERSION = YES;
				CLANG_WARN_NON_LITERAL_NULL_CONVERSION = YES;
				CLANG_WARN_OBJC_IMPLICIT_RETAIN_SELF = YES;
				CLANG_WARN_OBJC_LITERAL_CONVERSION = YES;
				CLANG_WARN_OBJC_ROOT_CLASS = YES_ERROR;
				CLANG_WARN_QUOTED_INCLUDE_IN_FRAMEWORK_HEADER = NO;
				CLANG_WARN_RANGE_LOOP_ANALYSIS = YES;
				CLANG_WARN_STRICT_PROTOTYPES = YES;
				CLANG_WARN_SUSPICIOUS_MOVE = YES;
				CLANG_WARN_UNGUARDED_AVAILABILITY = YES_AGGRESSIVE;
				CLANG_WARN_UNREACHABLE_CODE = YES;
				CLANG_WARN__DUPLICATE_METHOD_MATCH = YES;
				COPY_PHASE_STRIP = NO;
				DEBUG_INFORMATION_FORMAT = "dwarf-with-dsym";
				ENABLE_NS_ASSERTIONS = NO;
				ENABLE_STRICT_OBJC_MSGSEND = YES;
				GCC_C_LANGUAGE_STANDARD = gnu11;
				GCC_NO_COMMON_BLOCKS = YES;
				GCC_WARN_64_TO_32_BIT_CONVERSION = YES;
				GCC_WARN_ABOUT_RETURN_TYPE = YES_ERROR;
				GCC_WARN_UNDECLARED_SELECTOR = YES;
				GCC_WARN_UNINITIALIZED_AUTOS = YES_AGGRESSIVE;
				GCC_WARN_UNUSED_FUNCTION = YES;
				GCC_WARN_UNUSED_VARIABLE = YES;
				IPHONEOS_DEPLOYMENT_TARGET = 16.4;
				MTL_ENABLE_DEBUG_INFO = NO;
				MTL_FAST_MATH = YES;
				SDKROOT = iphoneos;
				SWIFT_COMPILATION_MODE = wholemodule;
				SWIFT_OPTIMIZATION_LEVEL = "-O";
				VALIDATE_PRODUCT = YES;
			};
			name = Release;
		};
		B765B8182A40988B00036CFD /* Debug */ = {
			isa = XCBuildConfiguration;
			baseConfigurationReference = 47FA22BEAA134CF652C6A19E /* Pods-Albumize.debug.xcconfig */;
			buildSettings = {
				ASSETCATALOG_COMPILER_APPICON_NAME = AppIcon;
				ASSETCATALOG_COMPILER_GLOBAL_ACCENT_COLOR_NAME = AccentColor;
				CODE_SIGN_STYLE = Automatic;
				CURRENT_PROJECT_VERSION = 1;
				DEVELOPMENT_ASSET_PATHS = "\"Albumize/Preview Content\"";
				DEVELOPMENT_TEAM = PMT6QRAKQ2;
				ENABLE_PREVIEWS = YES;
				GENERATE_INFOPLIST_FILE = YES;
				INFOPLIST_FILE = Albumize/Info.plist;
				INFOPLIST_KEY_NSPhotoLibraryUsageDescription = "Allow Access";
				INFOPLIST_KEY_UIApplicationSceneManifest_Generation = YES;
				INFOPLIST_KEY_UIApplicationSupportsIndirectInputEvents = YES;
				INFOPLIST_KEY_UISupportedInterfaceOrientations_iPad = "UIInterfaceOrientationPortrait UIInterfaceOrientationPortraitUpsideDown UIInterfaceOrientationLandscapeLeft UIInterfaceOrientationLandscapeRight";
				INFOPLIST_KEY_UISupportedInterfaceOrientations_iPhone = "UIInterfaceOrientationPortrait UIInterfaceOrientationLandscapeLeft UIInterfaceOrientationLandscapeRight";
				LD_RUNPATH_SEARCH_PATHS = (
					"$(inherited)",
					"@executable_path/Frameworks",
				);
				MARKETING_VERSION = 1.0;
				PRODUCT_BUNDLE_IDENTIFIER = "com.icloud-082812.uta.Albumize";
				PRODUCT_NAME = "$(TARGET_NAME)";
				SWIFT_EMIT_LOC_STRINGS = YES;
				SWIFT_VERSION = 5.0;
				TARGETED_DEVICE_FAMILY = "1,2";
			};
			name = Debug;
		};
		B765B8192A40988B00036CFD /* Release */ = {
			isa = XCBuildConfiguration;
			baseConfigurationReference = 0AE4D2C9707B6BEF3AC9014F /* Pods-Albumize.release.xcconfig */;
			buildSettings = {
				ASSETCATALOG_COMPILER_APPICON_NAME = AppIcon;
				ASSETCATALOG_COMPILER_GLOBAL_ACCENT_COLOR_NAME = AccentColor;
				CODE_SIGN_STYLE = Automatic;
				CURRENT_PROJECT_VERSION = 1;
				DEVELOPMENT_ASSET_PATHS = "\"Albumize/Preview Content\"";
				DEVELOPMENT_TEAM = PMT6QRAKQ2;
				ENABLE_PREVIEWS = YES;
				GENERATE_INFOPLIST_FILE = YES;
				INFOPLIST_FILE = Albumize/Info.plist;
				INFOPLIST_KEY_NSPhotoLibraryUsageDescription = "Allow Access";
				INFOPLIST_KEY_UIApplicationSceneManifest_Generation = YES;
				INFOPLIST_KEY_UIApplicationSupportsIndirectInputEvents = YES;
				INFOPLIST_KEY_UISupportedInterfaceOrientations_iPad = "UIInterfaceOrientationPortrait UIInterfaceOrientationPortraitUpsideDown UIInterfaceOrientationLandscapeLeft UIInterfaceOrientationLandscapeRight";
				INFOPLIST_KEY_UISupportedInterfaceOrientations_iPhone = "UIInterfaceOrientationPortrait UIInterfaceOrientationLandscapeLeft UIInterfaceOrientationLandscapeRight";
				LD_RUNPATH_SEARCH_PATHS = (
					"$(inherited)",
					"@executable_path/Frameworks",
				);
				MARKETING_VERSION = 1.0;
				PRODUCT_BUNDLE_IDENTIFIER = "com.icloud-082812.uta.Albumize";
				PRODUCT_NAME = "$(TARGET_NAME)";
				SWIFT_EMIT_LOC_STRINGS = YES;
				SWIFT_VERSION = 5.0;
				TARGETED_DEVICE_FAMILY = "1,2";
			};
			name = Release;
		};
/* End XCBuildConfiguration section */

/* Begin XCConfigurationList section */
		B765B8042A40988A00036CFD /* Build configuration list for PBXProject "Albumize" */ = {
			isa = XCConfigurationList;
			buildConfigurations = (
				B765B8152A40988B00036CFD /* Debug */,
				B765B8162A40988B00036CFD /* Release */,
			);
			defaultConfigurationIsVisible = 0;
			defaultConfigurationName = Release;
		};
		B765B8172A40988B00036CFD /* Build configuration list for PBXNativeTarget "Albumize" */ = {
			isa = XCConfigurationList;
			buildConfigurations = (
				B765B8182A40988B00036CFD /* Debug */,
				B765B8192A40988B00036CFD /* Release */,
			);
			defaultConfigurationIsVisible = 0;
			defaultConfigurationName = Release;
		};
/* End XCConfigurationList section */
	};
	rootObject = B765B8012A40988A00036CFD /* Project object */;
}
